
Microsoft Visual Studio Solution File, Format Version 12.00
# Visual Studio Version 16
VisualStudioVersion = 16.0.31515.178
MinimumVisualStudioVersion = 10.0.40219.1
Project("{FAE04EC0-301F-11D3-BF4B-00C04F79EFBC}") = "AddressBook", "AddressBook\AddressBook.csproj", "{AA8AFCC0-61D6-4FCC-9EFB-51A0B1A8635C}"
EndProject
Global
	GlobalSection(SolutionConfigurationPlatforms) = preSolution
		Debug|Any CPU = Debug|Any CPU
		Release|Any CPU = Release|Any CPU
	EndGlobalSection
	GlobalSection(ProjectConfigurationPlatforms) = postSolution
		{AA8AFCC0-61D6-4FCC-9EFB-51A0B1A8635C}.Debug|Any CPU.ActiveCfg = Debug|Any CPU
		{AA8AFCC0-61D6-4FCC-9EFB-51A0B1A8635C}.Debug|Any CPU.Build.0 = Debug|Any CPU
		{AA8AFCC0-61D6-4FCC-9EFB-51A0B1A8635C}.Release|Any CPU.ActiveCfg = Release|Any CPU
		{AA8AFCC0-61D6-4FCC-9EFB-51A0B1A8635C}.Release|Any CPU.Build.0 = Release|Any CPU
	EndGlobalSection
	GlobalSection(SolutionProperties) = preSolution
		HideSolutionNode = FALSE
	EndGlobalSection
	GlobalSection(ExtensibilityGlobals) = postSolution
		SolutionGuid = {15C3C804-141E-471A-856F-22D4E444DA02}
	EndGlobalSection
EndGlobal
